
Microsoft Visual Studio Solution File, Format Version 12.00
Project("{2150E333-8FDC-42A3-9474-1A3956D46DE8}") = "Core", "Core", "{483B9A74-4FED-479D-824B-AE0ADC67B1BA}"
EndProject
Project("{2150E333-8FDC-42A3-9474-1A3956D46DE8}") = "Cryptography", "Cryptography", "{2C835F6A-48CE-48B9-806D-59D3CED20422}"
EndProject
Project("{2150E333-8FDC-42A3-9474-1A3956D46DE8}") = "Server", "Server", "{9A226E07-FAF9-43E2-931B-CCC0766CBF81}"
EndProject
Project("{2150E333-8FDC-42A3-9474-1A3956D46DE8}") = "Database", "Database", "{0F709357-9582-4C53-8C42-042CDE85F0C0}"
EndProject
Project("{2150E333-8FDC-42A3-9474-1A3956D46DE8}") = "Logger", "Logger", "{25311857-6C95-4F6A-BE1B-D8C5A425497B}"
EndProject
Project("{2150E333-8FDC-42A3-9474-1A3956D46DE8}") = "Service", "Service", "{35497A91-392E-4A76-A5C7-B30FE1D9EADB}"
EndProject
Project("{FAE04EC0-301F-11D3-BF4B-00C04F79EFBC}") = "Core.Cryptography", "Core\Cryptography\Core.Cryptography\Core.Cryptography.csproj", "{8DDEBB54-1891-44BF-8941-3CDB7D8E5933}"
EndProject
Project("{FAE04EC0-301F-11D3-BF4B-00C04F79EFBC}") = "Core.Cryptography.Interface", "Core\Cryptography\Core.Cryptography.Interface\Core.Cryptography.Interface.csproj", "{CC637914-B2DC-42FF-9FB5-631F95E16AE7}"
EndProject
Project("{FAE04EC0-301F-11D3-BF4B-00C04F79EFBC}") = "Core.Database", "Core\Database\Core.Database\Core.Database.csproj", "{EA00E099-415E-4F68-8B38-419471F03066}"
EndProject
Project("{FAE04EC0-301F-11D3-BF4B-00C04F79EFBC}") = "Core.Database.Consistency", "Core\Database\Core.Database.Consistency\Core.Database.Consistency.csproj", "{FCB29151-A0B3-4D33-8673-1505D6142DAB}"
EndProject
Project("{FAE04EC0-301F-11D3-BF4B-00C04F79EFBC}") = "Core.Database.Interfaces", "Core\Database\Core.Database.Interfaces\Core.Database.Interfaces.csproj", "{7E2C9A4A-52F3-45CA-A88C-B88714E9A7EE}"
EndProject
Project("{FAE04EC0-301F-11D3-BF4B-00C04F79EFBC}") = "Core.Database.Models", "Core\Database\Core.Database.Models\Core.Database.Models.csproj", "{B6153CBB-12F0-40B4-B8AE-405D7B3115D8}"
EndProject
Project("{FAE04EC0-301F-11D3-BF4B-00C04F79EFBC}") = "Core.Logger", "Core\Logger\Core.Logger\Core.Logger.csproj", "{7EF08B93-1F2A-494D-85F6-C246BEBB4998}"
EndProject
Project("{FAE04EC0-301F-11D3-BF4B-00C04F79EFBC}") = "Core.Logger.Interface", "Core\Logger\Core.Logger.Interface\Core.Logger.Interface.csproj", "{130BE265-17F0-4704-8995-1DA018653D59}"
EndProject
Project("{FAE04EC0-301F-11D3-BF4B-00C04F79EFBC}") = "Core.Server.Database", "Core\Server\Core.Server.Database\Core.Server.Database.csproj", "{1C5215B9-A81C-4221-AFAD-754D1A1F0C0D}"
EndProject
Project("{FAE04EC0-301F-11D3-BF4B-00C04F79EFBC}") = "Core.Server.Database.Interface", "Core\Server\Core.Server.Database.Interface\Core.Server.Database.Interface.csproj", "{5CBE5CF5-C896-4435-A659-2DC83AE67FBB}"
EndProject
Project("{FAE04EC0-301F-11D3-BF4B-00C04F79EFBC}") = "Core.Service", "Core\Service\Core.Service\Core.Service.csproj", "{938DB76A-115C-4A43-83AC-BE6AC8E837FA}"
EndProject
Project("{FAE04EC0-301F-11D3-BF4B-00C04F79EFBC}") = "Core.Service.Interfaces", "Core\Service\Core.Service.Interfaces\Core.Service.Interfaces.csproj", "{A07D1720-6705-484E-A9AF-B8B02156776A}"
EndProject
Project("{FAE04EC0-301F-11D3-BF4B-00C04F79EFBC}") = "Server", "Server\Server\Server.csproj", "{F755A484-8245-4DDE-8FBD-245DEFD23FC8}"
EndProject
Project("{2150E333-8FDC-42A3-9474-1A3956D46DE8}") = "Server", "Server", "{8DAF3CB1-F045-48A6-B4E5-5037936D6A5F}"
EndProject
Project("{FAE04EC0-301F-11D3-BF4B-00C04F79EFBC}") = "Tests.Server", "Server\Tests\Tests.Server\Tests.Server.csproj", "{DC24E52B-EAA6-44D8-85D6-AF09BDBB3720}"
EndProject
Project("{2150E333-8FDC-42A3-9474-1A3956D46DE8}") = "Tests", "Tests", "{6A11395D-2242-4372-B934-979A61A42526}"
EndProject
Project("{2150E333-8FDC-42A3-9474-1A3956D46DE8}") = "Network", "Network", "{182E8C9B-EC4D-470B-8469-42E105F86496}"
EndProject
Project("{FAE04EC0-301F-11D3-BF4B-00C04F79EFBC}") = "Core.Network", "Core\Network\Core.Network\Core.Network.csproj", "{99CC594E-1F14-4B36-9CF5-BFCCCE014D8F}"
EndProject
Project("{2150E333-8FDC-42A3-9474-1A3956D46DE8}") = "External", "External", "{3F8D6104-E475-44BB-BD3C-00AC20DFAFFB}"
EndProject
Project("{FAE04EC0-301F-11D3-BF4B-00C04F79EFBC}") = "LiteNetLib", "External\LiteNetLib\LiteNetLib\LiteNetLib.csproj", "{DE2CAF20-CC2B-4FCD-9380-31068D952FB9}"
EndProject
Project("{2150E333-8FDC-42A3-9474-1A3956D46DE8}") = "LiteNetLib", "LiteNetLib", "{8104A037-2147-4744-AFEB-EF0400DF35C7}"
EndProject
Project("{FAE04EC0-301F-11D3-BF4B-00C04F79EFBC}") = "Core.Network.Interface", "Core\Network\Core.Network.Interface\Core.Network.Interface\Core.Network.Interface.csproj", "{F6CCC993-F448-4F1B-8E37-75735010060F}"
EndProject
Project("{FAE04EC0-301F-11D3-BF4B-00C04F79EFBC}") = "Core.Network.SerializationObjects", "Core\Network\Core.Network.SerializationObjects\Core.Network.SerializationObjects.csproj", "{B78C3749-4015-4B6B-B00B-4997A238B290}"
EndProject
Project("{2150E333-8FDC-42A3-9474-1A3956D46DE8}") = "AutoMapper", "AutoMapper", "{7B943529-5D68-49B8-BCBF-6D97C813C50F}"
EndProject
Project("{FAE04EC0-301F-11D3-BF4B-00C04F79EFBC}") = "AutoMapper", "External\AutoMapper\src\AutoMapper\AutoMapper.csproj", "{B659258C-795B-47DB-BE6F-786AAB92A312}"
EndProject
Project("{FAE04EC0-301F-11D3-BF4B-00C04F79EFBC}") = "Core.Utils.AutoMapper.Interface", "Core\Utils\AutoMapper\Core.Utils.AutoMapper.Interface\Core.Utils.AutoMapper.Interface.csproj", "{46A6F614-A3C8-4F92-B53C-96CC3DD25100}"
EndProject
Project("{2150E333-8FDC-42A3-9474-1A3956D46DE8}") = "Utils", "Utils", "{6F794B87-E5A6-4C62-A755-6FD64CD3D37E}"
EndProject
Project("{2150E333-8FDC-42A3-9474-1A3956D46DE8}") = "AutoMapper", "AutoMapper", "{E3EF74BD-4BA6-44B2-9743-7DC6E0BEC72B}"
EndProject
Project("{FAE04EC0-301F-11D3-BF4B-00C04F79EFBC}") = "Core.Utils.AutoMapper", "Core\Utils\AutoMapper\Core.Utils.AutoMapper\Core.Utils.AutoMapper.csproj", "{C196B0C7-BC22-4EC5-BDBF-8190E30D53C1}"
EndProject
Project("{FAE04EC0-301F-11D3-BF4B-00C04F79EFBC}") = "Core.Network.Packets", "Core\Network\Core.Network.Packets\Core.Network.Packets.csproj", "{256187FF-C823-4E47-AC34-BFA5F7449F5C}"
EndProject
Project("{2150E333-8FDC-42A3-9474-1A3956D46DE8}") = "Database", "Database", "{1E6DF612-A32C-4AE2-9C1D-6E3E2F3E3468}"
EndProject
Project("{2150E333-8FDC-42A3-9474-1A3956D46DE8}") = "Network", "Network", "{70C7164C-2F0F-4F55-806F-883E9887069A}"
EndProject
Project("{FAE04EC0-301F-11D3-BF4B-00C04F79EFBC}") = "Core.Server.Network", "Core\Server\Core.Server.Network\Core.Server.Network.csproj", "{00E082DA-AA8D-43F2-8437-AE27FFC33511}"
EndProject
Project("{2150E333-8FDC-42A3-9474-1A3956D46DE8}") = "Client", "Client", "{F65C2C2A-3B06-4D26-8061-6CF6EAA99945}"
EndProject
Project("{FAE04EC0-301F-11D3-BF4B-00C04F79EFBC}") = "Client", "Client\Client\Client.csproj", "{568414B3-8088-4629-9CC7-77A8FBC9E05B}"
EndProject
Project("{2150E333-8FDC-42A3-9474-1A3956D46DE8}") = "Client", "Client", "{207763C0-B0D7-4D88-A506-D4DCD7E23C06}"
EndProject
Project("{2150E333-8FDC-42A3-9474-1A3956D46DE8}") = "Network", "Network", "{46667DC3-DE65-49DF-8F84-63491BA7C0A2}"
EndProject
Project("{FAE04EC0-301F-11D3-BF4B-00C04F79EFBC}") = "Core.Client.Network", "Core\Client\Core.Client.Network\Core.Client.Network.csproj", "{595C9C2D-D6AC-4DB6-8FF8-0524B8510CE6}"
EndProject
Project("{FAE04EC0-301F-11D3-BF4B-00C04F79EFBC}") = "Core.Extensions", "Core\Core.Extensions\Core.Extensions.csproj", "{213180D1-D4A6-4F52-B14D-7589ED02F63B}"
EndProject
Project("{2150E333-8FDC-42A3-9474-1A3956D46DE8}") = "BCrypt", "BCrypt", "{C7174022-7097-4142-8933-0306BC333D95}"
EndProject
Project("{FAE04EC0-301F-11D3-BF4B-00C04F79EFBC}") = "BCrypt.Net", "External\BCrypt\src\BCrypt.Net\BCrypt.Net.csproj", "{B51F2051-84FA-4FE2-AFA6-CE217CAF5663}"
EndProject
Project("{FAE04EC0-301F-11D3-BF4B-00C04F79EFBC}") = "Core.Physics", "Core\Utils\Physics\Core.Physics\Core.Physics.csproj", "{EF88BD18-CFD4-4942-B5E0-39EB4C13B61B}"
EndProject
Project("{2150E333-8FDC-42A3-9474-1A3956D46DE8}") = "Physics", "Physics", "{04AC8892-FA81-4CE6-8AC5-C116ECE4C8C9}"
EndProject
Project("{2150E333-8FDC-42A3-9474-1A3956D46DE8}") = "VelcroPhysics", "VelcroPhysics", "{8844F2CF-E877-4C16-A2D8-DE830786034B}"
EndProject
Project("{FAE04EC0-301F-11D3-BF4B-00C04F79EFBC}") = "VelcroPhysics", "External\VelcroPhysics\src\VelcroPhysics\VelcroPhysics.csproj", "{C460A6D7-31BA-4239-BAE0-ED7AC19D9631}"
EndProject
Project("{FAE04EC0-301F-11D3-BF4B-00C04F79EFBC}") = "Core.Physics.Interface", "Core\Utils\Physics\Core.Physics.Interface\Core.Physics.Interface.csproj", "{10B2E4D1-C351-4EAA-977B-1C1834168198}"
EndProject
Project("{FAE04EC0-301F-11D3-BF4B-00C04F79EFBC}") = "VelcroPhysics.Tests", "External\VelcroPhysics\src\VelcroPhysics.Tests\VelcroPhysics.Tests.csproj", "{A6D89940-5985-4CE3-9AC0-EAD911EECDC8}"
EndProject
Project("{FAE04EC0-301F-11D3-BF4B-00C04F79EFBC}") = "VelcroPhysics.Benchmarks", "External\VelcroPhysics\src\VelcroPhysics.Benchmarks\VelcroPhysics.Benchmarks.csproj", "{D8AD7D25-D5A2-47DC-8900-8D56E58B8AE9}"
EndProject
Project("{FAE04EC0-301F-11D3-BF4B-00C04F79EFBC}") = "LiteNetLib.Tests", "External\LiteNetLib\LiteNetLib.Tests\LiteNetLib.Tests.csproj", "{9A44D6D4-D27B-40FC-8492-05FCE89B0B52}"
EndProject
Project("{FAE04EC0-301F-11D3-BF4B-00C04F79EFBC}") = "BCrypt.Net.UnitTests", "External\BCrypt\src\BCrypt.Net.UnitTests\BCrypt.Net.UnitTests.csproj", "{2710F4D8-BF5C-4A70-A3E8-CBB3CD407C9A}"
EndProject
Project("{FAE04EC0-301F-11D3-BF4B-00C04F79EFBC}") = "AutoMapper.DI.Tests", "External\AutoMapper\src\AutoMapper.DI.Tests\AutoMapper.DI.Tests.csproj", "{9C23A046-8A31-4DDA-9F44-D4C18CA4101E}"
EndProject
Project("{FAE04EC0-301F-11D3-BF4B-00C04F79EFBC}") = "AutoMapper.UnitTests", "External\AutoMapper\src\UnitTests\AutoMapper.UnitTests.csproj", "{AC4178E9-D076-43B2-9C21-A278BFD20B1B}"
EndProject
Global
	GlobalSection(SolutionConfigurationPlatforms) = preSolution
		Debug|Any CPU = Debug|Any CPU
		Release|Any CPU = Release|Any CPU
	EndGlobalSection
	GlobalSection(ProjectConfigurationPlatforms) = postSolution
		{8DDEBB54-1891-44BF-8941-3CDB7D8E5933}.Debug|Any CPU.ActiveCfg = Debug|Any CPU
		{8DDEBB54-1891-44BF-8941-3CDB7D8E5933}.Debug|Any CPU.Build.0 = Debug|Any CPU
		{8DDEBB54-1891-44BF-8941-3CDB7D8E5933}.Release|Any CPU.ActiveCfg = Release|Any CPU
		{8DDEBB54-1891-44BF-8941-3CDB7D8E5933}.Release|Any CPU.Build.0 = Release|Any CPU
		{CC637914-B2DC-42FF-9FB5-631F95E16AE7}.Debug|Any CPU.ActiveCfg = Debug|Any CPU
		{CC637914-B2DC-42FF-9FB5-631F95E16AE7}.Debug|Any CPU.Build.0 = Debug|Any CPU
		{CC637914-B2DC-42FF-9FB5-631F95E16AE7}.Release|Any CPU.ActiveCfg = Release|Any CPU
		{CC637914-B2DC-42FF-9FB5-631F95E16AE7}.Release|Any CPU.Build.0 = Release|Any CPU
		{EA00E099-415E-4F68-8B38-419471F03066}.Debug|Any CPU.ActiveCfg = Debug|Any CPU
		{EA00E099-415E-4F68-8B38-419471F03066}.Debug|Any CPU.Build.0 = Debug|Any CPU
		{EA00E099-415E-4F68-8B38-419471F03066}.Release|Any CPU.ActiveCfg = Release|Any CPU
		{EA00E099-415E-4F68-8B38-419471F03066}.Release|Any CPU.Build.0 = Release|Any CPU
		{FCB29151-A0B3-4D33-8673-1505D6142DAB}.Debug|Any CPU.ActiveCfg = Debug|Any CPU
		{FCB29151-A0B3-4D33-8673-1505D6142DAB}.Debug|Any CPU.Build.0 = Debug|Any CPU
		{FCB29151-A0B3-4D33-8673-1505D6142DAB}.Release|Any CPU.ActiveCfg = Release|Any CPU
		{FCB29151-A0B3-4D33-8673-1505D6142DAB}.Release|Any CPU.Build.0 = Release|Any CPU
		{7E2C9A4A-52F3-45CA-A88C-B88714E9A7EE}.Debug|Any CPU.ActiveCfg = Debug|Any CPU
		{7E2C9A4A-52F3-45CA-A88C-B88714E9A7EE}.Debug|Any CPU.Build.0 = Debug|Any CPU
		{7E2C9A4A-52F3-45CA-A88C-B88714E9A7EE}.Release|Any CPU.ActiveCfg = Release|Any CPU
		{7E2C9A4A-52F3-45CA-A88C-B88714E9A7EE}.Release|Any CPU.Build.0 = Release|Any CPU
		{B6153CBB-12F0-40B4-B8AE-405D7B3115D8}.Debug|Any CPU.ActiveCfg = Debug|Any CPU
		{B6153CBB-12F0-40B4-B8AE-405D7B3115D8}.Debug|Any CPU.Build.0 = Debug|Any CPU
		{B6153CBB-12F0-40B4-B8AE-405D7B3115D8}.Release|Any CPU.ActiveCfg = Release|Any CPU
		{B6153CBB-12F0-40B4-B8AE-405D7B3115D8}.Release|Any CPU.Build.0 = Release|Any CPU
		{7EF08B93-1F2A-494D-85F6-C246BEBB4998}.Debug|Any CPU.ActiveCfg = Debug|Any CPU
		{7EF08B93-1F2A-494D-85F6-C246BEBB4998}.Debug|Any CPU.Build.0 = Debug|Any CPU
		{7EF08B93-1F2A-494D-85F6-C246BEBB4998}.Release|Any CPU.ActiveCfg = Release|Any CPU
		{7EF08B93-1F2A-494D-85F6-C246BEBB4998}.Release|Any CPU.Build.0 = Release|Any CPU
		{130BE265-17F0-4704-8995-1DA018653D59}.Debug|Any CPU.ActiveCfg = Debug|Any CPU
		{130BE265-17F0-4704-8995-1DA018653D59}.Debug|Any CPU.Build.0 = Debug|Any CPU
		{130BE265-17F0-4704-8995-1DA018653D59}.Release|Any CPU.ActiveCfg = Release|Any CPU
		{130BE265-17F0-4704-8995-1DA018653D59}.Release|Any CPU.Build.0 = Release|Any CPU
		{1C5215B9-A81C-4221-AFAD-754D1A1F0C0D}.Debug|Any CPU.ActiveCfg = Debug|Any CPU
		{1C5215B9-A81C-4221-AFAD-754D1A1F0C0D}.Debug|Any CPU.Build.0 = Debug|Any CPU
		{1C5215B9-A81C-4221-AFAD-754D1A1F0C0D}.Release|Any CPU.ActiveCfg = Release|Any CPU
		{1C5215B9-A81C-4221-AFAD-754D1A1F0C0D}.Release|Any CPU.Build.0 = Release|Any CPU
		{5CBE5CF5-C896-4435-A659-2DC83AE67FBB}.Debug|Any CPU.ActiveCfg = Debug|Any CPU
		{5CBE5CF5-C896-4435-A659-2DC83AE67FBB}.Debug|Any CPU.Build.0 = Debug|Any CPU
		{5CBE5CF5-C896-4435-A659-2DC83AE67FBB}.Release|Any CPU.ActiveCfg = Release|Any CPU
		{5CBE5CF5-C896-4435-A659-2DC83AE67FBB}.Release|Any CPU.Build.0 = Release|Any CPU
		{938DB76A-115C-4A43-83AC-BE6AC8E837FA}.Debug|Any CPU.ActiveCfg = Debug|Any CPU
		{938DB76A-115C-4A43-83AC-BE6AC8E837FA}.Debug|Any CPU.Build.0 = Debug|Any CPU
		{938DB76A-115C-4A43-83AC-BE6AC8E837FA}.Release|Any CPU.ActiveCfg = Release|Any CPU
		{938DB76A-115C-4A43-83AC-BE6AC8E837FA}.Release|Any CPU.Build.0 = Release|Any CPU
		{A07D1720-6705-484E-A9AF-B8B02156776A}.Debug|Any CPU.ActiveCfg = Debug|Any CPU
		{A07D1720-6705-484E-A9AF-B8B02156776A}.Debug|Any CPU.Build.0 = Debug|Any CPU
		{A07D1720-6705-484E-A9AF-B8B02156776A}.Release|Any CPU.ActiveCfg = Release|Any CPU
		{A07D1720-6705-484E-A9AF-B8B02156776A}.Release|Any CPU.Build.0 = Release|Any CPU
		{F755A484-8245-4DDE-8FBD-245DEFD23FC8}.Debug|Any CPU.ActiveCfg = Debug|Any CPU
		{F755A484-8245-4DDE-8FBD-245DEFD23FC8}.Debug|Any CPU.Build.0 = Debug|Any CPU
		{F755A484-8245-4DDE-8FBD-245DEFD23FC8}.Release|Any CPU.ActiveCfg = Release|Any CPU
		{F755A484-8245-4DDE-8FBD-245DEFD23FC8}.Release|Any CPU.Build.0 = Release|Any CPU
		{DC24E52B-EAA6-44D8-85D6-AF09BDBB3720}.Debug|Any CPU.ActiveCfg = Debug|Any CPU
		{DC24E52B-EAA6-44D8-85D6-AF09BDBB3720}.Debug|Any CPU.Build.0 = Debug|Any CPU
		{DC24E52B-EAA6-44D8-85D6-AF09BDBB3720}.Release|Any CPU.ActiveCfg = Release|Any CPU
		{DC24E52B-EAA6-44D8-85D6-AF09BDBB3720}.Release|Any CPU.Build.0 = Release|Any CPU
		{99CC594E-1F14-4B36-9CF5-BFCCCE014D8F}.Debug|Any CPU.ActiveCfg = Debug|Any CPU
		{99CC594E-1F14-4B36-9CF5-BFCCCE014D8F}.Debug|Any CPU.Build.0 = Debug|Any CPU
		{99CC594E-1F14-4B36-9CF5-BFCCCE014D8F}.Release|Any CPU.ActiveCfg = Release|Any CPU
		{99CC594E-1F14-4B36-9CF5-BFCCCE014D8F}.Release|Any CPU.Build.0 = Release|Any CPU
		{DE2CAF20-CC2B-4FCD-9380-31068D952FB9}.Debug|Any CPU.ActiveCfg = Debug|Any CPU
		{DE2CAF20-CC2B-4FCD-9380-31068D952FB9}.Debug|Any CPU.Build.0 = Debug|Any CPU
		{DE2CAF20-CC2B-4FCD-9380-31068D952FB9}.Release|Any CPU.ActiveCfg = Release|Any CPU
		{DE2CAF20-CC2B-4FCD-9380-31068D952FB9}.Release|Any CPU.Build.0 = Release|Any CPU
		{F6CCC993-F448-4F1B-8E37-75735010060F}.Debug|Any CPU.ActiveCfg = Debug|Any CPU
		{F6CCC993-F448-4F1B-8E37-75735010060F}.Debug|Any CPU.Build.0 = Debug|Any CPU
		{F6CCC993-F448-4F1B-8E37-75735010060F}.Release|Any CPU.ActiveCfg = Release|Any CPU
		{F6CCC993-F448-4F1B-8E37-75735010060F}.Release|Any CPU.Build.0 = Release|Any CPU
		{B78C3749-4015-4B6B-B00B-4997A238B290}.Debug|Any CPU.ActiveCfg = Debug|Any CPU
		{B78C3749-4015-4B6B-B00B-4997A238B290}.Debug|Any CPU.Build.0 = Debug|Any CPU
		{B78C3749-4015-4B6B-B00B-4997A238B290}.Release|Any CPU.ActiveCfg = Release|Any CPU
		{B78C3749-4015-4B6B-B00B-4997A238B290}.Release|Any CPU.Build.0 = Release|Any CPU
		{B659258C-795B-47DB-BE6F-786AAB92A312}.Debug|Any CPU.ActiveCfg = Debug|Any CPU
		{B659258C-795B-47DB-BE6F-786AAB92A312}.Debug|Any CPU.Build.0 = Debug|Any CPU
		{B659258C-795B-47DB-BE6F-786AAB92A312}.Release|Any CPU.ActiveCfg = Release|Any CPU
		{B659258C-795B-47DB-BE6F-786AAB92A312}.Release|Any CPU.Build.0 = Release|Any CPU
		{46A6F614-A3C8-4F92-B53C-96CC3DD25100}.Debug|Any CPU.ActiveCfg = Debug|Any CPU
		{46A6F614-A3C8-4F92-B53C-96CC3DD25100}.Debug|Any CPU.Build.0 = Debug|Any CPU
		{46A6F614-A3C8-4F92-B53C-96CC3DD25100}.Release|Any CPU.ActiveCfg = Release|Any CPU
		{46A6F614-A3C8-4F92-B53C-96CC3DD25100}.Release|Any CPU.Build.0 = Release|Any CPU
		{C196B0C7-BC22-4EC5-BDBF-8190E30D53C1}.Debug|Any CPU.ActiveCfg = Debug|Any CPU
		{C196B0C7-BC22-4EC5-BDBF-8190E30D53C1}.Debug|Any CPU.Build.0 = Debug|Any CPU
		{C196B0C7-BC22-4EC5-BDBF-8190E30D53C1}.Release|Any CPU.ActiveCfg = Release|Any CPU
		{C196B0C7-BC22-4EC5-BDBF-8190E30D53C1}.Release|Any CPU.Build.0 = Release|Any CPU
		{256187FF-C823-4E47-AC34-BFA5F7449F5C}.Debug|Any CPU.ActiveCfg = Debug|Any CPU
		{256187FF-C823-4E47-AC34-BFA5F7449F5C}.Debug|Any CPU.Build.0 = Debug|Any CPU
		{256187FF-C823-4E47-AC34-BFA5F7449F5C}.Release|Any CPU.ActiveCfg = Release|Any CPU
		{256187FF-C823-4E47-AC34-BFA5F7449F5C}.Release|Any CPU.Build.0 = Release|Any CPU
		{00E082DA-AA8D-43F2-8437-AE27FFC33511}.Debug|Any CPU.ActiveCfg = Debug|Any CPU
		{00E082DA-AA8D-43F2-8437-AE27FFC33511}.Debug|Any CPU.Build.0 = Debug|Any CPU
		{00E082DA-AA8D-43F2-8437-AE27FFC33511}.Release|Any CPU.ActiveCfg = Release|Any CPU
		{00E082DA-AA8D-43F2-8437-AE27FFC33511}.Release|Any CPU.Build.0 = Release|Any CPU
		{568414B3-8088-4629-9CC7-77A8FBC9E05B}.Debug|Any CPU.ActiveCfg = Debug|Any CPU
		{568414B3-8088-4629-9CC7-77A8FBC9E05B}.Debug|Any CPU.Build.0 = Debug|Any CPU
		{568414B3-8088-4629-9CC7-77A8FBC9E05B}.Release|Any CPU.ActiveCfg = Release|Any CPU
		{568414B3-8088-4629-9CC7-77A8FBC9E05B}.Release|Any CPU.Build.0 = Release|Any CPU
		{595C9C2D-D6AC-4DB6-8FF8-0524B8510CE6}.Debug|Any CPU.ActiveCfg = Debug|Any CPU
		{595C9C2D-D6AC-4DB6-8FF8-0524B8510CE6}.Debug|Any CPU.Build.0 = Debug|Any CPU
		{595C9C2D-D6AC-4DB6-8FF8-0524B8510CE6}.Release|Any CPU.ActiveCfg = Release|Any CPU
		{595C9C2D-D6AC-4DB6-8FF8-0524B8510CE6}.Release|Any CPU.Build.0 = Release|Any CPU
		{213180D1-D4A6-4F52-B14D-7589ED02F63B}.Debug|Any CPU.ActiveCfg = Debug|Any CPU
		{213180D1-D4A6-4F52-B14D-7589ED02F63B}.Debug|Any CPU.Build.0 = Debug|Any CPU
		{213180D1-D4A6-4F52-B14D-7589ED02F63B}.Release|Any CPU.ActiveCfg = Release|Any CPU
		{213180D1-D4A6-4F52-B14D-7589ED02F63B}.Release|Any CPU.Build.0 = Release|Any CPU
		{B51F2051-84FA-4FE2-AFA6-CE217CAF5663}.Debug|Any CPU.ActiveCfg = Debug|Any CPU
		{B51F2051-84FA-4FE2-AFA6-CE217CAF5663}.Debug|Any CPU.Build.0 = Debug|Any CPU
		{B51F2051-84FA-4FE2-AFA6-CE217CAF5663}.Release|Any CPU.ActiveCfg = Release|Any CPU
		{B51F2051-84FA-4FE2-AFA6-CE217CAF5663}.Release|Any CPU.Build.0 = Release|Any CPU
		{EF88BD18-CFD4-4942-B5E0-39EB4C13B61B}.Debug|Any CPU.ActiveCfg = Debug|Any CPU
		{EF88BD18-CFD4-4942-B5E0-39EB4C13B61B}.Debug|Any CPU.Build.0 = Debug|Any CPU
		{EF88BD18-CFD4-4942-B5E0-39EB4C13B61B}.Release|Any CPU.ActiveCfg = Release|Any CPU
		{EF88BD18-CFD4-4942-B5E0-39EB4C13B61B}.Release|Any CPU.Build.0 = Release|Any CPU
		{C460A6D7-31BA-4239-BAE0-ED7AC19D9631}.Debug|Any CPU.ActiveCfg = WindowsDebug|Any CPU
		{C460A6D7-31BA-4239-BAE0-ED7AC19D9631}.Debug|Any CPU.Build.0 = WindowsDebug|Any CPU
		{C460A6D7-31BA-4239-BAE0-ED7AC19D9631}.Release|Any CPU.ActiveCfg = LinuxRelease|Any CPU
		{C460A6D7-31BA-4239-BAE0-ED7AC19D9631}.Release|Any CPU.Build.0 = LinuxRelease|Any CPU
		{10B2E4D1-C351-4EAA-977B-1C1834168198}.Debug|Any CPU.ActiveCfg = Debug|Any CPU
		{10B2E4D1-C351-4EAA-977B-1C1834168198}.Debug|Any CPU.Build.0 = Debug|Any CPU
		{10B2E4D1-C351-4EAA-977B-1C1834168198}.Release|Any CPU.ActiveCfg = Release|Any CPU
		{10B2E4D1-C351-4EAA-977B-1C1834168198}.Release|Any CPU.Build.0 = Release|Any CPU
		{A6D89940-5985-4CE3-9AC0-EAD911EECDC8}.Debug|Any CPU.ActiveCfg = WindowsDebug|Any CPU
		{A6D89940-5985-4CE3-9AC0-EAD911EECDC8}.Debug|Any CPU.Build.0 = WindowsDebug|Any CPU
		{A6D89940-5985-4CE3-9AC0-EAD911EECDC8}.Release|Any CPU.ActiveCfg = LinuxRelease|Any CPU
		{A6D89940-5985-4CE3-9AC0-EAD911EECDC8}.Release|Any CPU.Build.0 = LinuxRelease|Any CPU
		{D8AD7D25-D5A2-47DC-8900-8D56E58B8AE9}.Debug|Any CPU.ActiveCfg = WindowsDebug|Any CPU
		{D8AD7D25-D5A2-47DC-8900-8D56E58B8AE9}.Debug|Any CPU.Build.0 = WindowsDebug|Any CPU
		{D8AD7D25-D5A2-47DC-8900-8D56E58B8AE9}.Release|Any CPU.ActiveCfg = LinuxRelease|Any CPU
		{D8AD7D25-D5A2-47DC-8900-8D56E58B8AE9}.Release|Any CPU.Build.0 = LinuxRelease|Any CPU
		{9A44D6D4-D27B-40FC-8492-05FCE89B0B52}.Debug|Any CPU.ActiveCfg = Debug|Any CPU
		{9A44D6D4-D27B-40FC-8492-05FCE89B0B52}.Debug|Any CPU.Build.0 = Debug|Any CPU
		{9A44D6D4-D27B-40FC-8492-05FCE89B0B52}.Release|Any CPU.ActiveCfg = Release|Any CPU
		{9A44D6D4-D27B-40FC-8492-05FCE89B0B52}.Release|Any CPU.Build.0 = Release|Any CPU
		{2710F4D8-BF5C-4A70-A3E8-CBB3CD407C9A}.Debug|Any CPU.ActiveCfg = Debug|Any CPU
		{2710F4D8-BF5C-4A70-A3E8-CBB3CD407C9A}.Debug|Any CPU.Build.0 = Debug|Any CPU
		{2710F4D8-BF5C-4A70-A3E8-CBB3CD407C9A}.Release|Any CPU.ActiveCfg = Release|Any CPU
		{2710F4D8-BF5C-4A70-A3E8-CBB3CD407C9A}.Release|Any CPU.Build.0 = Release|Any CPU
		{9C23A046-8A31-4DDA-9F44-D4C18CA4101E}.Debug|Any CPU.ActiveCfg = Debug|Any CPU
		{9C23A046-8A31-4DDA-9F44-D4C18CA4101E}.Debug|Any CPU.Build.0 = Debug|Any CPU
		{9C23A046-8A31-4DDA-9F44-D4C18CA4101E}.Release|Any CPU.ActiveCfg = Release|Any CPU
		{9C23A046-8A31-4DDA-9F44-D4C18CA4101E}.Release|Any CPU.Build.0 = Release|Any CPU
		{AC4178E9-D076-43B2-9C21-A278BFD20B1B}.Debug|Any CPU.ActiveCfg = Debug|Any CPU
		{AC4178E9-D076-43B2-9C21-A278BFD20B1B}.Debug|Any CPU.Build.0 = Debug|Any CPU
		{AC4178E9-D076-43B2-9C21-A278BFD20B1B}.Release|Any CPU.ActiveCfg = Release|Any CPU
		{AC4178E9-D076-43B2-9C21-A278BFD20B1B}.Release|Any CPU.Build.0 = Release|Any CPU
	EndGlobalSection
	GlobalSection(NestedProjects) = preSolution
		{2C835F6A-48CE-48B9-806D-59D3CED20422} = {483B9A74-4FED-479D-824B-AE0ADC67B1BA}
		{9A226E07-FAF9-43E2-931B-CCC0766CBF81} = {483B9A74-4FED-479D-824B-AE0ADC67B1BA}
		{0F709357-9582-4C53-8C42-042CDE85F0C0} = {483B9A74-4FED-479D-824B-AE0ADC67B1BA}
		{25311857-6C95-4F6A-BE1B-D8C5A425497B} = {483B9A74-4FED-479D-824B-AE0ADC67B1BA}
		{35497A91-392E-4A76-A5C7-B30FE1D9EADB} = {483B9A74-4FED-479D-824B-AE0ADC67B1BA}
		{8DDEBB54-1891-44BF-8941-3CDB7D8E5933} = {2C835F6A-48CE-48B9-806D-59D3CED20422}
		{CC637914-B2DC-42FF-9FB5-631F95E16AE7} = {2C835F6A-48CE-48B9-806D-59D3CED20422}
		{EA00E099-415E-4F68-8B38-419471F03066} = {0F709357-9582-4C53-8C42-042CDE85F0C0}
		{FCB29151-A0B3-4D33-8673-1505D6142DAB} = {0F709357-9582-4C53-8C42-042CDE85F0C0}
		{7E2C9A4A-52F3-45CA-A88C-B88714E9A7EE} = {0F709357-9582-4C53-8C42-042CDE85F0C0}
		{B6153CBB-12F0-40B4-B8AE-405D7B3115D8} = {0F709357-9582-4C53-8C42-042CDE85F0C0}
		{7EF08B93-1F2A-494D-85F6-C246BEBB4998} = {25311857-6C95-4F6A-BE1B-D8C5A425497B}
		{130BE265-17F0-4704-8995-1DA018653D59} = {25311857-6C95-4F6A-BE1B-D8C5A425497B}
		{938DB76A-115C-4A43-83AC-BE6AC8E837FA} = {35497A91-392E-4A76-A5C7-B30FE1D9EADB}
		{A07D1720-6705-484E-A9AF-B8B02156776A} = {35497A91-392E-4A76-A5C7-B30FE1D9EADB}
		{F755A484-8245-4DDE-8FBD-245DEFD23FC8} = {8DAF3CB1-F045-48A6-B4E5-5037936D6A5F}
		{6A11395D-2242-4372-B934-979A61A42526} = {8DAF3CB1-F045-48A6-B4E5-5037936D6A5F}
		{DC24E52B-EAA6-44D8-85D6-AF09BDBB3720} = {6A11395D-2242-4372-B934-979A61A42526}
		{182E8C9B-EC4D-470B-8469-42E105F86496} = {483B9A74-4FED-479D-824B-AE0ADC67B1BA}
		{99CC594E-1F14-4B36-9CF5-BFCCCE014D8F} = {182E8C9B-EC4D-470B-8469-42E105F86496}
		{8104A037-2147-4744-AFEB-EF0400DF35C7} = {3F8D6104-E475-44BB-BD3C-00AC20DFAFFB}
		{F6CCC993-F448-4F1B-8E37-75735010060F} = {182E8C9B-EC4D-470B-8469-42E105F86496}
		{DE2CAF20-CC2B-4FCD-9380-31068D952FB9} = {8104A037-2147-4744-AFEB-EF0400DF35C7}
		{B78C3749-4015-4B6B-B00B-4997A238B290} = {182E8C9B-EC4D-470B-8469-42E105F86496}
		{7B943529-5D68-49B8-BCBF-6D97C813C50F} = {3F8D6104-E475-44BB-BD3C-00AC20DFAFFB}
		{B659258C-795B-47DB-BE6F-786AAB92A312} = {7B943529-5D68-49B8-BCBF-6D97C813C50F}
		{6F794B87-E5A6-4C62-A755-6FD64CD3D37E} = {483B9A74-4FED-479D-824B-AE0ADC67B1BA}
		{E3EF74BD-4BA6-44B2-9743-7DC6E0BEC72B} = {6F794B87-E5A6-4C62-A755-6FD64CD3D37E}
		{46A6F614-A3C8-4F92-B53C-96CC3DD25100} = {E3EF74BD-4BA6-44B2-9743-7DC6E0BEC72B}
		{C196B0C7-BC22-4EC5-BDBF-8190E30D53C1} = {E3EF74BD-4BA6-44B2-9743-7DC6E0BEC72B}
		{256187FF-C823-4E47-AC34-BFA5F7449F5C} = {182E8C9B-EC4D-470B-8469-42E105F86496}
		{1E6DF612-A32C-4AE2-9C1D-6E3E2F3E3468} = {9A226E07-FAF9-43E2-931B-CCC0766CBF81}
		{1C5215B9-A81C-4221-AFAD-754D1A1F0C0D} = {1E6DF612-A32C-4AE2-9C1D-6E3E2F3E3468}
		{5CBE5CF5-C896-4435-A659-2DC83AE67FBB} = {1E6DF612-A32C-4AE2-9C1D-6E3E2F3E3468}
		{70C7164C-2F0F-4F55-806F-883E9887069A} = {9A226E07-FAF9-43E2-931B-CCC0766CBF81}
		{00E082DA-AA8D-43F2-8437-AE27FFC33511} = {70C7164C-2F0F-4F55-806F-883E9887069A}
		{568414B3-8088-4629-9CC7-77A8FBC9E05B} = {F65C2C2A-3B06-4D26-8061-6CF6EAA99945}
		{207763C0-B0D7-4D88-A506-D4DCD7E23C06} = {483B9A74-4FED-479D-824B-AE0ADC67B1BA}
		{46667DC3-DE65-49DF-8F84-63491BA7C0A2} = {207763C0-B0D7-4D88-A506-D4DCD7E23C06}
		{595C9C2D-D6AC-4DB6-8FF8-0524B8510CE6} = {46667DC3-DE65-49DF-8F84-63491BA7C0A2}
		{213180D1-D4A6-4F52-B14D-7589ED02F63B} = {483B9A74-4FED-479D-824B-AE0ADC67B1BA}
		{C7174022-7097-4142-8933-0306BC333D95} = {3F8D6104-E475-44BB-BD3C-00AC20DFAFFB}
		{B51F2051-84FA-4FE2-AFA6-CE217CAF5663} = {C7174022-7097-4142-8933-0306BC333D95}
		{04AC8892-FA81-4CE6-8AC5-C116ECE4C8C9} = {6F794B87-E5A6-4C62-A755-6FD64CD3D37E}
		{EF88BD18-CFD4-4942-B5E0-39EB4C13B61B} = {04AC8892-FA81-4CE6-8AC5-C116ECE4C8C9}
		{8844F2CF-E877-4C16-A2D8-DE830786034B} = {3F8D6104-E475-44BB-BD3C-00AC20DFAFFB}
		{C460A6D7-31BA-4239-BAE0-ED7AC19D9631} = {8844F2CF-E877-4C16-A2D8-DE830786034B}
		{10B2E4D1-C351-4EAA-977B-1C1834168198} = {04AC8892-FA81-4CE6-8AC5-C116ECE4C8C9}
		{A6D89940-5985-4CE3-9AC0-EAD911EECDC8} = {8844F2CF-E877-4C16-A2D8-DE830786034B}
		{D8AD7D25-D5A2-47DC-8900-8D56E58B8AE9} = {8844F2CF-E877-4C16-A2D8-DE830786034B}
		{9A44D6D4-D27B-40FC-8492-05FCE89B0B52} = {8104A037-2147-4744-AFEB-EF0400DF35C7}
		{2710F4D8-BF5C-4A70-A3E8-CBB3CD407C9A} = {C7174022-7097-4142-8933-0306BC333D95}
		{9C23A046-8A31-4DDA-9F44-D4C18CA4101E} = {7B943529-5D68-49B8-BCBF-6D97C813C50F}
		{AC4178E9-D076-43B2-9C21-A278BFD20B1B} = {7B943529-5D68-49B8-BCBF-6D97C813C50F}
	EndGlobalSection
EndGlobal
